
Microsoft Visual Studio Solution File, Format Version 12.00
# Visual Studio Version 17
VisualStudioVersion = 17.4.33122.133
MinimumVisualStudioVersion = 10.0.40219.1
Project("{9A19103F-16F7-4668-BE54-9A1E7A4F7556}") = "FreshFarmMarket", "FreshFarmMarket\FreshFarmMarket.csproj", "{EECB2660-5D6F-404C-B227-E07B7F9D8A96}"
EndProject
Global
	GlobalSection(SolutionConfigurationPlatforms) = preSolution
		Debug|Any CPU = Debug|Any CPU
		Release|Any CPU = Release|Any CPU
	EndGlobalSection
	GlobalSection(ProjectConfigurationPlatforms) = postSolution
		{EECB2660-5D6F-404C-B227-E07B7F9D8A96}.Debug|Any CPU.ActiveCfg = Debug|Any CPU
		{EECB2660-5D6F-404C-B227-E07B7F9D8A96}.Debug|Any CPU.Build.0 = Debug|Any CPU
		{EECB2660-5D6F-404C-B227-E07B7F9D8A96}.Release|Any CPU.ActiveCfg = Release|Any CPU
		{EECB2660-5D6F-404C-B227-E07B7F9D8A96}.Release|Any CPU.Build.0 = Release|Any CPU
	EndGlobalSection
	GlobalSection(SolutionProperties) = preSolution
		HideSolutionNode = FALSE
	EndGlobalSection
	GlobalSection(ExtensibilityGlobals) = postSolution
		SolutionGuid = {C5183858-B961-41BC-8420-E051F306DD68}
	EndGlobalSection
EndGlobal
